PODS:
  - Flutter (1.0.0)
  - flutter_mobile_imsdk (0.0.1):
    - Flutter

DEPENDENCIES:
  - Flutter (from `Flutter`)
  - flutter_mobile_imsdk (from `.symlinks/plugins/flutter_mobile_imsdk/ios`)

EXTERNAL SOURCES:
  Flutter:
    :path: Flutter
  flutter_mobile_imsdk:
    :path: ".symlinks/plugins/flutter_mobile_imsdk/ios"

SPEC CHECKSUMS:
  Flutter: 0e3d915762c693b495b44d77113d4970485de6ec
  flutter_mobile_imsdk: fc749bf444bc6efa19b5c8c129a5166d4223cc40

PODFILE CHECKSUM: 8e679eca47255a8ca8067c4c67aab20e64cb974d

COCOAPODS: 1.9.3
